
Microsoft Visual Studio Solution File, Format Version 12.00
# Visual Studio Version 17
VisualStudioVersion = 17.8.34330.188
MinimumVisualStudioVersion = 10.0.40219.1
Project("{FAE04EC0-301F-11D3-BF4B-00C04F79EFBC}") = "BookeyWebApp", "BookeyWebApp\BookeyWebApp.csproj", "{B2FDCA9B-363D-4308-B78E-5C3433D12796}"
EndProject
Global
	GlobalSection(SolutionConfigurationPlatforms) = preSolution
		Debug|Any CPU = Debug|Any CPU
		Release|Any CPU = Release|Any CPU
	EndGlobalSection
	GlobalSection(ProjectConfigurationPlatforms) = postSolution
		{B2FDCA9B-363D-4308-B78E-5C3433D12796}.Debug|Any CPU.ActiveCfg = Debug|Any CPU
		{B2FDCA9B-363D-4308-B78E-5C3433D12796}.Debug|Any CPU.Build.0 = Debug|Any CPU
		{B2FDCA9B-363D-4308-B78E-5C3433D12796}.Release|Any CPU.ActiveCfg = Release|Any CPU
		{B2FDCA9B-363D-4308-B78E-5C3433D12796}.Release|Any CPU.Build.0 = Release|Any CPU
	EndGlobalSection
	GlobalSection(SolutionProperties) = preSolution
		HideSolutionNode = FALSE
	EndGlobalSection
	GlobalSection(ExtensibilityGlobals) = postSolution
		SolutionGuid = {4546AAF1-B8B2-4814-B750-96C6E725409D}
	EndGlobalSection
EndGlobal
